
Microsoft Visual Studio Solution File, Format Version 12.00
# Visual Studio Version 16
VisualStudioVersion = 16.0.30717.126
MinimumVisualStudioVersion = 10.0.40219.1
Project("{FAE04EC0-301F-11D3-BF4B-00C04F79EFBC}") = "Derscanu_Smaranda_Lab10", "Derscanu_Smaranda_Lab10.csproj", "{9C3A7AE6-11FF-4931-AB6A-E0F0DCA54BFB}"
EndProject
Project("{FAE04EC0-301F-11D3-BF4B-00C04F79EFBC}") = "gRPCClient", "..\gRPCClient\gRPCClient.csproj", "{3C8B5D0D-E578-462D-9A68-B8BBF3BAD4F2}"
EndProject
Global
	GlobalSection(SolutionConfigurationPlatforms) = preSolution
		Debug|Any CPU = Debug|Any CPU
		Release|Any CPU = Release|Any CPU
	EndGlobalSection
	GlobalSection(ProjectConfigurationPlatforms) = postSolution
		{9C3A7AE6-11FF-4931-AB6A-E0F0DCA54BFB}.Debug|Any CPU.ActiveCfg = Debug|Any CPU
		{9C3A7AE6-11FF-4931-AB6A-E0F0DCA54BFB}.Debug|Any CPU.Build.0 = Debug|Any CPU
		{9C3A7AE6-11FF-4931-AB6A-E0F0DCA54BFB}.Release|Any CPU.ActiveCfg = Release|Any CPU
		{9C3A7AE6-11FF-4931-AB6A-E0F0DCA54BFB}.Release|Any CPU.Build.0 = Release|Any CPU
		{3C8B5D0D-E578-462D-9A68-B8BBF3BAD4F2}.Debug|Any CPU.ActiveCfg = Debug|Any CPU
		{3C8B5D0D-E578-462D-9A68-B8BBF3BAD4F2}.Debug|Any CPU.Build.0 = Debug|Any CPU
		{3C8B5D0D-E578-462D-9A68-B8BBF3BAD4F2}.Release|Any CPU.ActiveCfg = Release|Any CPU
		{3C8B5D0D-E578-462D-9A68-B8BBF3BAD4F2}.Release|Any CPU.Build.0 = Release|Any CPU
	EndGlobalSection
	GlobalSection(SolutionProperties) = preSolution
		HideSolutionNode = FALSE
	EndGlobalSection
	GlobalSection(ExtensibilityGlobals) = postSolution
		SolutionGuid = {33797F0B-6539-489A-93B5-17A10F3E3231}
	EndGlobalSection
EndGlobal
